
Microsoft Visual Studio Solution File, Format Version 12.00
# Visual Studio 14
VisualStudioVersion = 14.0.25420.1
MinimumVisualStudioVersion = 10.0.40219.1
Project("{FAE04EC0-301F-11D3-BF4B-00C04F79EFBC}") = "ConsoleApplication1", "ConsoleApplication1\ConsoleApplication1.csproj", "{8A9A4D18-3422-41EF-BC2C-8DE86876D27F}"
EndProject
Project("{FAE04EC0-301F-11D3-BF4B-00C04F79EFBC}") = "ConsoleApplication2", "ConsoleApplication2\ConsoleApplication2.csproj", "{48B29846-3872-41A1-B745-664B7EA94947}"
EndProject
Project("{FAE04EC0-301F-11D3-BF4B-00C04F79EFBC}") = "ConsoleApplication3", "ConsoleApplication3\ConsoleApplication3.csproj", "{0CC1DF5D-204C-41D8-A296-A4DF45EFC543}"
EndProject
Global
	GlobalSection(SolutionConfigurationPlatforms) = preSolution
		Debug|Any CPU = Debug|Any CPU
		Release|Any CPU = Release|Any CPU
	EndGlobalSection
	GlobalSection(ProjectConfigurationPlatforms) = postSolution
		{8A9A4D18-3422-41EF-BC2C-8DE86876D27F}.Debug|Any CPU.ActiveCfg = Debug|Any CPU
		{8A9A4D18-3422-41EF-BC2C-8DE86876D27F}.Debug|Any CPU.Build.0 = Debug|Any CPU
		{8A9A4D18-3422-41EF-BC2C-8DE86876D27F}.Release|Any CPU.ActiveCfg = Release|Any CPU
		{8A9A4D18-3422-41EF-BC2C-8DE86876D27F}.Release|Any CPU.Build.0 = Release|Any CPU
		{48B29846-3872-41A1-B745-664B7EA94947}.Debug|Any CPU.ActiveCfg = Debug|Any CPU
		{48B29846-3872-41A1-B745-664B7EA94947}.Debug|Any CPU.Build.0 = Debug|Any CPU
		{48B29846-3872-41A1-B745-664B7EA94947}.Release|Any CPU.ActiveCfg = Release|Any CPU
		{48B29846-3872-41A1-B745-664B7EA94947}.Release|Any CPU.Build.0 = Release|Any CPU
		{0CC1DF5D-204C-41D8-A296-A4DF45EFC543}.Debug|Any CPU.ActiveCfg = Debug|Any CPU
		{0CC1DF5D-204C-41D8-A296-A4DF45EFC543}.Debug|Any CPU.Build.0 = Debug|Any CPU
		{0CC1DF5D-204C-41D8-A296-A4DF45EFC543}.Release|Any CPU.ActiveCfg = Release|Any CPU
		{0CC1DF5D-204C-41D8-A296-A4DF45EFC543}.Release|Any CPU.Build.0 = Release|Any CPU
	EndGlobalSection
	GlobalSection(SolutionProperties) = preSolution
		HideSolutionNode = FALSE
	EndGlobalSection
EndGlobal
