
Microsoft Visual Studio Solution File, Format Version 12.00
# Visual Studio 14
VisualStudioVersion = 14.0.25420.1
MinimumVisualStudioVersion = 10.0.40219.1
Project("{FAE04EC0-301F-11D3-BF4B-00C04F79EFBC}") = "LeapYear", "LeapYear\LeapYear.csproj", "{C341FB54-C279-4388-92D8-532955E9AD7C}"
EndProject
Project("{FAE04EC0-301F-11D3-BF4B-00C04F79EFBC}") = "RandomNumbers", "RandomNumbers\RandomNumbers.csproj", "{F82DED97-E9FF-465C-BF27-3814EEAC0B4F}"
EndProject
Project("{FAE04EC0-301F-11D3-BF4B-00C04F79EFBC}") = "DaysOfWeek", "DaysOfWeek\DaysOfWeek.csproj", "{748513F4-E692-4B09-B0E6-E582E73BFA08}"
EndProject
Project("{FAE04EC0-301F-11D3-BF4B-00C04F79EFBC}") = "TriangleSurface", "TriangleSurface\TriangleSurface.csproj", "{00F6058D-66B0-4537-86A9-9022473FA4C6}"
EndProject
Project("{FAE04EC0-301F-11D3-BF4B-00C04F79EFBC}") = "TriangleSurfaceBySideAndAltitude", "TriangleSurfaceBySideAndAltitude\TriangleSurfaceBySideAndAltitude.csproj", "{FEC5AF03-1A59-4B87-8E32-91F72EAA6E45}"
EndProject
Project("{FAE04EC0-301F-11D3-BF4B-00C04F79EFBC}") = "TriangleSurfaceByTwoSidesAndAngle", "TriangleSurfaceByTwoSidesAndAngle\TriangleSurfaceByTwoSidesAndAngle.csproj", "{20C941CD-BBC7-4E72-80A5-FF44702BEE71}"
EndProject
Project("{FAE04EC0-301F-11D3-BF4B-00C04F79EFBC}") = "SumIntegers", "SumIntegers\SumIntegers.csproj", "{8FC5EF48-8CFA-4267-9AE7-E3B7429358A8}"
EndProject
Global
	GlobalSection(SolutionConfigurationPlatforms) = preSolution
		Debug|Any CPU = Debug|Any CPU
		Release|Any CPU = Release|Any CPU
	EndGlobalSection
	GlobalSection(ProjectConfigurationPlatforms) = postSolution
		{C341FB54-C279-4388-92D8-532955E9AD7C}.Debug|Any CPU.ActiveCfg = Debug|Any CPU
		{C341FB54-C279-4388-92D8-532955E9AD7C}.Debug|Any CPU.Build.0 = Debug|Any CPU
		{C341FB54-C279-4388-92D8-532955E9AD7C}.Release|Any CPU.ActiveCfg = Release|Any CPU
		{C341FB54-C279-4388-92D8-532955E9AD7C}.Release|Any CPU.Build.0 = Release|Any CPU
		{F82DED97-E9FF-465C-BF27-3814EEAC0B4F}.Debug|Any CPU.ActiveCfg = Debug|Any CPU
		{F82DED97-E9FF-465C-BF27-3814EEAC0B4F}.Debug|Any CPU.Build.0 = Debug|Any CPU
		{F82DED97-E9FF-465C-BF27-3814EEAC0B4F}.Release|Any CPU.ActiveCfg = Release|Any CPU
		{F82DED97-E9FF-465C-BF27-3814EEAC0B4F}.Release|Any CPU.Build.0 = Release|Any CPU
		{748513F4-E692-4B09-B0E6-E582E73BFA08}.Debug|Any CPU.ActiveCfg = Debug|Any CPU
		{748513F4-E692-4B09-B0E6-E582E73BFA08}.Debug|Any CPU.Build.0 = Debug|Any CPU
		{748513F4-E692-4B09-B0E6-E582E73BFA08}.Release|Any CPU.ActiveCfg = Release|Any CPU
		{748513F4-E692-4B09-B0E6-E582E73BFA08}.Release|Any CPU.Build.0 = Release|Any CPU
		{00F6058D-66B0-4537-86A9-9022473FA4C6}.Debug|Any CPU.ActiveCfg = Debug|Any CPU
		{00F6058D-66B0-4537-86A9-9022473FA4C6}.Debug|Any CPU.Build.0 = Debug|Any CPU
		{00F6058D-66B0-4537-86A9-9022473FA4C6}.Release|Any CPU.ActiveCfg = Release|Any CPU
		{00F6058D-66B0-4537-86A9-9022473FA4C6}.Release|Any CPU.Build.0 = Release|Any CPU
		{FEC5AF03-1A59-4B87-8E32-91F72EAA6E45}.Debug|Any CPU.ActiveCfg = Debug|Any CPU
		{FEC5AF03-1A59-4B87-8E32-91F72EAA6E45}.Debug|Any CPU.Build.0 = Debug|Any CPU
		{FEC5AF03-1A59-4B87-8E32-91F72EAA6E45}.Release|Any CPU.ActiveCfg = Release|Any CPU
		{FEC5AF03-1A59-4B87-8E32-91F72EAA6E45}.Release|Any CPU.Build.0 = Release|Any CPU
		{20C941CD-BBC7-4E72-80A5-FF44702BEE71}.Debug|Any CPU.ActiveCfg = Debug|Any CPU
		{20C941CD-BBC7-4E72-80A5-FF44702BEE71}.Debug|Any CPU.Build.0 = Debug|Any CPU
		{20C941CD-BBC7-4E72-80A5-FF44702BEE71}.Release|Any CPU.ActiveCfg = Release|Any CPU
		{20C941CD-BBC7-4E72-80A5-FF44702BEE71}.Release|Any CPU.Build.0 = Release|Any CPU
		{8FC5EF48-8CFA-4267-9AE7-E3B7429358A8}.Debug|Any CPU.ActiveCfg = Debug|Any CPU
		{8FC5EF48-8CFA-4267-9AE7-E3B7429358A8}.Debug|Any CPU.Build.0 = Debug|Any CPU
		{8FC5EF48-8CFA-4267-9AE7-E3B7429358A8}.Release|Any CPU.ActiveCfg = Release|Any CPU
		{8FC5EF48-8CFA-4267-9AE7-E3B7429358A8}.Release|Any CPU.Build.0 = Release|Any CPU
	EndGlobalSection
	GlobalSection(SolutionProperties) = preSolution
		HideSolutionNode = FALSE
	EndGlobalSection
EndGlobal
