
Microsoft Visual Studio Solution File, Format Version 12.00
# Visual Studio 14
VisualStudioVersion = 14.0.25420.1
MinimumVisualStudioVersion = 10.0.40219.1
Project("{FAE04EC0-301F-11D3-BF4B-00C04F79EFBC}") = "MathSqrt", "MathSqrt\MathSqrt.csproj", "{52DC1C4F-C440-4E95-9B9C-B26F03C7F13B}"
EndProject
Project("{FAE04EC0-301F-11D3-BF4B-00C04F79EFBC}") = "EnterNumbers", "EnterNumbers\EnterNumbers.csproj", "{51FD0ECA-DE19-4615-9D0B-5A3E2A489FAD}"
EndProject
Global
	GlobalSection(SolutionConfigurationPlatforms) = preSolution
		Debug|Any CPU = Debug|Any CPU
		Release|Any CPU = Release|Any CPU
	EndGlobalSection
	GlobalSection(ProjectConfigurationPlatforms) = postSolution
		{52DC1C4F-C440-4E95-9B9C-B26F03C7F13B}.Debug|Any CPU.ActiveCfg = Debug|Any CPU
		{52DC1C4F-C440-4E95-9B9C-B26F03C7F13B}.Debug|Any CPU.Build.0 = Debug|Any CPU
		{52DC1C4F-C440-4E95-9B9C-B26F03C7F13B}.Release|Any CPU.ActiveCfg = Release|Any CPU
		{52DC1C4F-C440-4E95-9B9C-B26F03C7F13B}.Release|Any CPU.Build.0 = Release|Any CPU
		{51FD0ECA-DE19-4615-9D0B-5A3E2A489FAD}.Debug|Any CPU.ActiveCfg = Debug|Any CPU
		{51FD0ECA-DE19-4615-9D0B-5A3E2A489FAD}.Debug|Any CPU.Build.0 = Debug|Any CPU
		{51FD0ECA-DE19-4615-9D0B-5A3E2A489FAD}.Release|Any CPU.ActiveCfg = Release|Any CPU
		{51FD0ECA-DE19-4615-9D0B-5A3E2A489FAD}.Release|Any CPU.Build.0 = Release|Any CPU
	EndGlobalSection
	GlobalSection(SolutionProperties) = preSolution
		HideSolutionNode = FALSE
	EndGlobalSection
EndGlobal
